# THIS IS AN AUTOGENERATED FILE. DO NOT EDIT THIS FILE DIRECTLY.
# yarn lockfile v1


inspire-tree-dom@^3.0.2:
  version "3.0.2"
  resolved "https://registry.yarnpkg.com/inspire-tree-dom/-/inspire-tree-dom-3.0.2.tgz#1122aa18195da416d7afd3da6e250855496f0ed3"

inspire-tree@^4.1.0:
  version "4.1.0"
  resolved "https://registry.yarnpkg.com/inspire-tree/-/inspire-tree-4.1.0.tgz#b833d637484054fbfad90708ad7cc4ff20c33105"

lodash@^4.17.4:
  version "4.17.4"
  resolved "https://registry.yarnpkg.com/lodash/-/lodash-4.17.4.tgz#78203a4d1c328ae1d86dca6460e369b57f4055ae"
